
Microsoft Visual Studio Solution File, Format Version 12.00
# Visual Studio Version 17
VisualStudioVersion = 17.10.34916.146
MinimumVisualStudioVersion = 10.0.40219.1
Project("{FAE04EC0-301F-11D3-BF4B-00C04F79EFBC}") = "PR_6.1", "PR_6.1.csproj", "{3CEEF87D-4EBF-4449-9008-DC16C45D9437}"
EndProject
Global
	GlobalSection(SolutionConfigurationPlatforms) = preSolution
		Debug|Any CPU = Debug|Any CPU
		Release|Any CPU = Release|Any CPU
	EndGlobalSection
	GlobalSection(ProjectConfigurationPlatforms) = postSolution
		{3CEEF87D-4EBF-4449-9008-DC16C45D9437}.Debug|Any CPU.ActiveCfg = Debug|Any CPU
		{3CEEF87D-4EBF-4449-9008-DC16C45D9437}.Debug|Any CPU.Build.0 = Debug|Any CPU
		{3CEEF87D-4EBF-4449-9008-DC16C45D9437}.Release|Any CPU.ActiveCfg = Release|Any CPU
		{3CEEF87D-4EBF-4449-9008-DC16C45D9437}.Release|Any CPU.Build.0 = Release|Any CPU
	EndGlobalSection
	GlobalSection(SolutionProperties) = preSolution
		HideSolutionNode = FALSE
	EndGlobalSection
	GlobalSection(ExtensibilityGlobals) = postSolution
		SolutionGuid = {9128F15C-7B56-43D4-8E27-6D0960FF482A}
	EndGlobalSection
EndGlobal
