
Microsoft Visual Studio Solution File, Format Version 12.00
# Visual Studio Version 17
VisualStudioVersion = 17.10.34916.146
MinimumVisualStudioVersion = 10.0.40219.1
Project("{FAE04EC0-301F-11D3-BF4B-00C04F79EFBC}") = "RAZRABOTKA_6.2", "RAZRABOTKA_6.2.csproj", "{AF7EF34E-B2FB-4D86-BABD-4E8B49A7FF39}"
EndProject
Global
	GlobalSection(SolutionConfigurationPlatforms) = preSolution
		Debug|Any CPU = Debug|Any CPU
		Release|Any CPU = Release|Any CPU
	EndGlobalSection
	GlobalSection(ProjectConfigurationPlatforms) = postSolution
		{AF7EF34E-B2FB-4D86-BABD-4E8B49A7FF39}.Debug|Any CPU.ActiveCfg = Debug|Any CPU
		{AF7EF34E-B2FB-4D86-BABD-4E8B49A7FF39}.Debug|Any CPU.Build.0 = Debug|Any CPU
		{AF7EF34E-B2FB-4D86-BABD-4E8B49A7FF39}.Release|Any CPU.ActiveCfg = Release|Any CPU
		{AF7EF34E-B2FB-4D86-BABD-4E8B49A7FF39}.Release|Any CPU.Build.0 = Release|Any CPU
	EndGlobalSection
	GlobalSection(SolutionProperties) = preSolution
		HideSolutionNode = FALSE
	EndGlobalSection
	GlobalSection(ExtensibilityGlobals) = postSolution
		SolutionGuid = {F146D96F-7F28-4C01-AC47-23011DE3F9D0}
	EndGlobalSection
EndGlobal
